
Microsoft Visual Studio Solution File, Format Version 12.00
# Visual Studio Version 16
VisualStudioVersion = 16.0.30204.135
MinimumVisualStudioVersion = 10.0.40219.1
Project("{FAE04EC0-301F-11D3-BF4B-00C04F79EFBC}") = "WinFormsSample", "WinFormsSample\WinFormsSample.csproj", "{066B253E-24E9-4B4E-A564-FAE5E5FB29A6}"
EndProject
Global
	GlobalSection(SolutionConfigurationPlatforms) = preSolution
		Debug|Any CPU = Debug|Any CPU
		Release|Any CPU = Release|Any CPU
	EndGlobalSection
	GlobalSection(ProjectConfigurationPlatforms) = postSolution
		{066B253E-24E9-4B4E-A564-FAE5E5FB29A6}.Debug|Any CPU.ActiveCfg = Debug|Any CPU
		{066B253E-24E9-4B4E-A564-FAE5E5FB29A6}.Debug|Any CPU.Build.0 = Debug|Any CPU
		{066B253E-24E9-4B4E-A564-FAE5E5FB29A6}.Release|Any CPU.ActiveCfg = Release|Any CPU
		{066B253E-24E9-4B4E-A564-FAE5E5FB29A6}.Release|Any CPU.Build.0 = Release|Any CPU
	EndGlobalSection
	GlobalSection(SolutionProperties) = preSolution
		HideSolutionNode = FALSE
	EndGlobalSection
	GlobalSection(ExtensibilityGlobals) = postSolution
		SolutionGuid = {AF042FFD-6F18-4A65-949C-8C81B3D95223}
	EndGlobalSection
EndGlobal
